
Microsoft Visual Studio Solution File, Format Version 12.00
# Visual Studio Version 17
VisualStudioVersion = 17.10.35004.147
MinimumVisualStudioVersion = 10.0.40219.1
Project("{9092AA53-FB77-4645-B42D-1CCCA6BD08BD}") = "ers-backend", "ers-backend.njsproj", "{3236B449-2C53-43D0-A9F7-C7DE72268DF7}"
EndProject
Global
	GlobalSection(SolutionConfigurationPlatforms) = preSolution
		Debug|Any CPU = Debug|Any CPU
		Release|Any CPU = Release|Any CPU
	EndGlobalSection
	GlobalSection(ProjectConfigurationPlatforms) = postSolution
		{3236B449-2C53-43D0-A9F7-C7DE72268DF7}.Debug|Any CPU.ActiveCfg = Debug|Any CPU
		{3236B449-2C53-43D0-A9F7-C7DE72268DF7}.Debug|Any CPU.Build.0 = Debug|Any CPU
		{3236B449-2C53-43D0-A9F7-C7DE72268DF7}.Release|Any CPU.ActiveCfg = Release|Any CPU
		{3236B449-2C53-43D0-A9F7-C7DE72268DF7}.Release|Any CPU.Build.0 = Release|Any CPU
	EndGlobalSection
	GlobalSection(SolutionProperties) = preSolution
		HideSolutionNode = FALSE
	EndGlobalSection
	GlobalSection(ExtensibilityGlobals) = postSolution
		SolutionGuid = {1ED07A49-B486-4166-B747-2D93C49F7F85}
	EndGlobalSection
EndGlobal
